
Microsoft Visual Studio Solution File, Format Version 12.00
# Visual Studio Version 17
VisualStudioVersion = 17.5.33414.496
MinimumVisualStudioVersion = 10.0.40219.1
Project("{FAE04EC0-301F-11D3-BF4B-00C04F79EFBC}") = "5.5 Homework task 1", "5.5 Homework\5.5 Homework task 1.csproj", "{F61F86C4-B787-4CE1-BE7D-1482385248A7}"
EndProject
Project("{FAE04EC0-301F-11D3-BF4B-00C04F79EFBC}") = "5.5 Homework task 2", "5.5 Homework task 2\5.5 Homework task 2.csproj", "{F21AC233-8141-43FD-9D38-859986EF0767}"
EndProject
Global
	GlobalSection(SolutionConfigurationPlatforms) = preSolution
		Debug|Any CPU = Debug|Any CPU
		Release|Any CPU = Release|Any CPU
	EndGlobalSection
	GlobalSection(ProjectConfigurationPlatforms) = postSolution
		{F61F86C4-B787-4CE1-BE7D-1482385248A7}.Debug|Any CPU.ActiveCfg = Debug|Any CPU
		{F61F86C4-B787-4CE1-BE7D-1482385248A7}.Debug|Any CPU.Build.0 = Debug|Any CPU
		{F61F86C4-B787-4CE1-BE7D-1482385248A7}.Release|Any CPU.ActiveCfg = Release|Any CPU
		{F61F86C4-B787-4CE1-BE7D-1482385248A7}.Release|Any CPU.Build.0 = Release|Any CPU
		{F21AC233-8141-43FD-9D38-859986EF0767}.Debug|Any CPU.ActiveCfg = Debug|Any CPU
		{F21AC233-8141-43FD-9D38-859986EF0767}.Debug|Any CPU.Build.0 = Debug|Any CPU
		{F21AC233-8141-43FD-9D38-859986EF0767}.Release|Any CPU.ActiveCfg = Release|Any CPU
		{F21AC233-8141-43FD-9D38-859986EF0767}.Release|Any CPU.Build.0 = Release|Any CPU
	EndGlobalSection
	GlobalSection(SolutionProperties) = preSolution
		HideSolutionNode = FALSE
	EndGlobalSection
	GlobalSection(ExtensibilityGlobals) = postSolution
		SolutionGuid = {7C4E3FA0-7654-467F-964A-686FCB57956D}
	EndGlobalSection
EndGlobal
